
Microsoft Visual Studio Solution File, Format Version 12.00
# Visual Studio Version 17
VisualStudioVersion = 17.14.36804.6
MinimumVisualStudioVersion = 10.0.40219.1
Project("{FAE04EC0-301F-11D3-BF4B-00C04F79EFBC}") = "SpoonEditor", "SpoonEditor\SpoonEditor.csproj", "{4E44017E-2A9A-42A3-B3C1-A9E17F4DA17A}"
EndProject
Project("{8BC9CEB8-8B4A-11D0-8D11-00A0C91BC942}") = "Engine", "Engine\Engine.vcxproj", "{29BA4192-749C-4223-93BB-6B4D711593A5}"
EndProject
Project("{8BC9CEB8-8B4A-11D0-8D11-00A0C91BC942}") = "EngineTest", "EngineTest\EngineTest.vcxproj", "{B7E5FAB7-1598-419D-B187-066A25AF186E}"
EndProject
Project("{8BC9CEB8-8B4A-11D0-8D11-00A0C91BC942}") = "EngineDLL", "EngineDLL\EngineDLL.vcxproj", "{4813C1DE-5657-468C-B657-ECD9138BD3AA}"
EndProject
Global
	GlobalSection(SolutionConfigurationPlatforms) = preSolution
		Debug|x64 = Debug|x64
		Release|x64 = Release|x64
	EndGlobalSection
	GlobalSection(ProjectConfigurationPlatforms) = postSolution
		{4E44017E-2A9A-42A3-B3C1-A9E17F4DA17A}.Debug|x64.ActiveCfg = Debug|Any CPU
		{4E44017E-2A9A-42A3-B3C1-A9E17F4DA17A}.Debug|x64.Build.0 = Debug|Any CPU
		{4E44017E-2A9A-42A3-B3C1-A9E17F4DA17A}.Release|x64.ActiveCfg = Release|Any CPU
		{4E44017E-2A9A-42A3-B3C1-A9E17F4DA17A}.Release|x64.Build.0 = Release|Any CPU
		{29BA4192-749C-4223-93BB-6B4D711593A5}.Debug|x64.ActiveCfg = Debug|x64
		{29BA4192-749C-4223-93BB-6B4D711593A5}.Debug|x64.Build.0 = Debug|x64
		{29BA4192-749C-4223-93BB-6B4D711593A5}.Release|x64.ActiveCfg = Release|x64
		{29BA4192-749C-4223-93BB-6B4D711593A5}.Release|x64.Build.0 = Release|x64
		{B7E5FAB7-1598-419D-B187-066A25AF186E}.Debug|x64.ActiveCfg = Debug|x64
		{B7E5FAB7-1598-419D-B187-066A25AF186E}.Debug|x64.Build.0 = Debug|x64
		{B7E5FAB7-1598-419D-B187-066A25AF186E}.Release|x64.ActiveCfg = Release|x64
		{B7E5FAB7-1598-419D-B187-066A25AF186E}.Release|x64.Build.0 = Release|x64
		{4813C1DE-5657-468C-B657-ECD9138BD3AA}.Debug|x64.ActiveCfg = Debug|x64
		{4813C1DE-5657-468C-B657-ECD9138BD3AA}.Debug|x64.Build.0 = Debug|x64
		{4813C1DE-5657-468C-B657-ECD9138BD3AA}.Release|x64.ActiveCfg = Release|x64
		{4813C1DE-5657-468C-B657-ECD9138BD3AA}.Release|x64.Build.0 = Release|x64
	EndGlobalSection
	GlobalSection(SolutionProperties) = preSolution
		HideSolutionNode = FALSE
	EndGlobalSection
	GlobalSection(ExtensibilityGlobals) = postSolution
		SolutionGuid = {B5295910-7136-4247-9673-F2C39B8E49B4}
	EndGlobalSection
EndGlobal
